
Microsoft Visual Studio Solution File, Format Version 12.00
# Visual Studio Version 17
VisualStudioVersion = 17.1.32328.378
MinimumVisualStudioVersion = 10.0.40219.1
Project("{FAE04EC0-301F-11D3-BF4B-00C04F79EFBC}") = "BasicFundaMentalsProblem", "BasicFundaMentalsProblem.csproj", "{40714C1F-3995-4DEA-8741-49E82A9CF5B9}"
EndProject
Global
	GlobalSection(SolutionConfigurationPlatforms) = preSolution
		Debug|Any CPU = Debug|Any CPU
		Release|Any CPU = Release|Any CPU
	EndGlobalSection
	GlobalSection(ProjectConfigurationPlatforms) = postSolution
		{40714C1F-3995-4DEA-8741-49E82A9CF5B9}.Debug|Any CPU.ActiveCfg = Debug|Any CPU
		{40714C1F-3995-4DEA-8741-49E82A9CF5B9}.Debug|Any CPU.Build.0 = Debug|Any CPU
		{40714C1F-3995-4DEA-8741-49E82A9CF5B9}.Release|Any CPU.ActiveCfg = Release|Any CPU
		{40714C1F-3995-4DEA-8741-49E82A9CF5B9}.Release|Any CPU.Build.0 = Release|Any CPU
	EndGlobalSection
	GlobalSection(SolutionProperties) = preSolution
		HideSolutionNode = FALSE
	EndGlobalSection
	GlobalSection(ExtensibilityGlobals) = postSolution
		SolutionGuid = {7215335B-7328-42FB-993B-AA29BE101904}
	EndGlobalSection
EndGlobal
